{
  "name": "fss",
  "version": "1.0.0",
  "lockfileVersion": 3,
  "requires": true,
  "packages": {
    "": {
      "name": "fss",
      "version": "1.0.0",
      "license": "ISC",
      "dependencies": {
        "timelex": "^1.0.1"
      }
    },
    "node_modules/timelex": {
      "version": "1.0.1",
      "resolved": "https://registry.npmjs.org/timelex/-/timelex-1.0.1.tgz",
      "integrity": "sha512-+zAf40IEwtN0K1VJDdVrD599Ygm0lpS8P/svByEKztAlBgYe1M+MvU9kQX5JSAix4OrEL3XyKXcmbATKLjW62A=="
    }
  }
}
